
Microsoft Visual Studio Solution File, Format Version 12.00
# Visual Studio Version 16
VisualStudioVersion = 16.0.31613.86
MinimumVisualStudioVersion = 10.0.40219.1
Project("{9A19103F-16F7-4668-BE54-9A1E7A4F7556}") = "API", "API\API.csproj", "{3E4E7B86-425D-48A3-A090-A6BD50FD14B0}"
EndProject
Project("{FAE04EC0-301F-11D3-BF4B-00C04F79EFBC}") = "Core", "Core\Core.csproj", "{91892FD0-D987-4A28-9F84-6B4D23DE990A}"
EndProject
Project("{FAE04EC0-301F-11D3-BF4B-00C04F79EFBC}") = "Infrastructure", "Infrastructure\Infrastructure.csproj", "{02EAED36-985D-4F63-9454-349F0900186C}"
EndProject
Global
	GlobalSection(SolutionConfigurationPlatforms) = preSolution
		Debug|Any CPU = Debug|Any CPU
		Release|Any CPU = Release|Any CPU
	EndGlobalSection
	GlobalSection(ProjectConfigurationPlatforms) = postSolution
		{3E4E7B86-425D-48A3-A090-A6BD50FD14B0}.Debug|Any CPU.ActiveCfg = Debug|Any CPU
		{3E4E7B86-425D-48A3-A090-A6BD50FD14B0}.Debug|Any CPU.Build.0 = Debug|Any CPU
		{3E4E7B86-425D-48A3-A090-A6BD50FD14B0}.Release|Any CPU.ActiveCfg = Release|Any CPU
		{3E4E7B86-425D-48A3-A090-A6BD50FD14B0}.Release|Any CPU.Build.0 = Release|Any CPU
		{91892FD0-D987-4A28-9F84-6B4D23DE990A}.Debug|Any CPU.ActiveCfg = Debug|Any CPU
		{91892FD0-D987-4A28-9F84-6B4D23DE990A}.Debug|Any CPU.Build.0 = Debug|Any CPU
		{91892FD0-D987-4A28-9F84-6B4D23DE990A}.Release|Any CPU.ActiveCfg = Release|Any CPU
		{91892FD0-D987-4A28-9F84-6B4D23DE990A}.Release|Any CPU.Build.0 = Release|Any CPU
		{02EAED36-985D-4F63-9454-349F0900186C}.Debug|Any CPU.ActiveCfg = Debug|Any CPU
		{02EAED36-985D-4F63-9454-349F0900186C}.Debug|Any CPU.Build.0 = Debug|Any CPU
		{02EAED36-985D-4F63-9454-349F0900186C}.Release|Any CPU.ActiveCfg = Release|Any CPU
		{02EAED36-985D-4F63-9454-349F0900186C}.Release|Any CPU.Build.0 = Release|Any CPU
	EndGlobalSection
	GlobalSection(SolutionProperties) = preSolution
		HideSolutionNode = FALSE
	EndGlobalSection
	GlobalSection(ExtensibilityGlobals) = postSolution
		SolutionGuid = {A742EC2F-1855-495D-83CB-48B02FE4B6A7}
	EndGlobalSection
EndGlobal
